
Microsoft Visual Studio Solution File, Format Version 12.00
# Visual Studio Version 16
VisualStudioVersion = 16.0.28803.202
MinimumVisualStudioVersion = 10.0.40219.1
Project("{FAE04EC0-301F-11D3-BF4B-00C04F79EFBC}") = "LabNumber2", "LabNumber2\LabNumber2.csproj", "{BE85C4E7-81A2-471F-BAE7-495BA2FE8B4B}"
EndProject
Global
	GlobalSection(SolutionConfigurationPlatforms) = preSolution
		Debug|Any CPU = Debug|Any CPU
		Release|Any CPU = Release|Any CPU
	EndGlobalSection
	GlobalSection(ProjectConfigurationPlatforms) = postSolution
		{BE85C4E7-81A2-471F-BAE7-495BA2FE8B4B}.Debug|Any CPU.ActiveCfg = Debug|Any CPU
		{BE85C4E7-81A2-471F-BAE7-495BA2FE8B4B}.Debug|Any CPU.Build.0 = Debug|Any CPU
		{BE85C4E7-81A2-471F-BAE7-495BA2FE8B4B}.Release|Any CPU.ActiveCfg = Release|Any CPU
		{BE85C4E7-81A2-471F-BAE7-495BA2FE8B4B}.Release|Any CPU.Build.0 = Release|Any CPU
	EndGlobalSection
	GlobalSection(SolutionProperties) = preSolution
		HideSolutionNode = FALSE
	EndGlobalSection
	GlobalSection(ExtensibilityGlobals) = postSolution
		SolutionGuid = {1C46516D-E758-458A-9801-4BC60260CA59}
	EndGlobalSection
EndGlobal
